{
  "version": 4,
  "terraform_version": "1.10.5",
  "serial": 1068,
  "lineage": "55db7c57-6984-d11b-77d8-4a79cca9cc68",
  "outputs": {},
  "resources": [
    {
      "mode": "managed",
      "type": "openstack_blockstorage_volume_v3",
      "name": "apache_volume",
      "provider": "provider[\"registry.terraform.io/terraform-provider-openstack/openstack\"]",
      "instances": [
        {
          "index_key": 0,
          "schema_version": 0,
          "attributes": {
            "attachment": [],
            "availability_zone": "kz-ala-1",
            "consistency_group_id": null,
            "description": "",
            "enable_online_resize": null,
            "id": "9cc4c88a-8d3e-4ebc-bfdf-8faa182711a9",
            "image_id": "c8a3b89e-fd30-4d41-8c8e-57f8f5708af4",
            "metadata": {},
            "multiattach": null,
            "name": "apache-volume-0",
            "region": "kz-ala-1",
            "scheduler_hints": [],
            "size": 10,
            "snapshot_id": "",
            "source_replica": null,
            "source_vol_id": "",
            "timeouts": null,
            "volume_type": "ceph-ssd"
          },
          "sensitive_attributes": [],
          "private": "eyJlMmJmYjczMC1lY2FhLTExZTYtOGY4OC0zNDM2M2JjN2M0YzAiOnsiY3JlYXRlIjo2MDAwMDAwMDAwMDAsImRlbGV0ZSI6NjAwMDAwMDAwMDAwfX0="
        },
        {
          "index_key": 1,
          "schema_version": 0,
          "attributes": {
            "attachment": [],
            "availability_zone": "kz-ala-1",
            "consistency_group_id": null,
            "description": "",
            "enable_online_resize": null,
            "id": "c620affb-c326-4a71-97e4-5201f51879c4",
            "image_id": "c8a3b89e-fd30-4d41-8c8e-57f8f5708af4",
            "metadata": {},
            "multiattach": null,
            "name": "apache-volume-1",
            "region": "kz-ala-1",
            "scheduler_hints": [],
            "size": 10,
            "snapshot_id": "",
            "source_replica": null,
            "source_vol_id": "",
            "timeouts": null,
            "volume_type": "ceph-ssd"
          },
          "sensitive_attributes": [],
          "private": "eyJlMmJmYjczMC1lY2FhLTExZTYtOGY4OC0zNDM2M2JjN2M0YzAiOnsiY3JlYXRlIjo2MDAwMDAwMDAwMDAsImRlbGV0ZSI6NjAwMDAwMDAwMDAwfX0="
        },
        {
          "index_key": 2,
          "schema_version": 0,
          "attributes": {
            "attachment": [],
            "availability_zone": "kz-ala-1",
            "consistency_group_id": null,
            "description": "",
            "enable_online_resize": null,
            "id": "52cc7ebf-dce5-4817-82fc-059c633844f9",
            "image_id": "c8a3b89e-fd30-4d41-8c8e-57f8f5708af4",
            "metadata": {},
            "multiattach": null,
            "name": "apache-volume-2",
            "region": "kz-ala-1",
            "scheduler_hints": [],
            "size": 10,
            "snapshot_id": "",
            "source_replica": null,
            "source_vol_id": "",
            "timeouts": null,
            "volume_type": "ceph-ssd"
          },
          "sensitive_attributes": [],
          "private": "eyJlMmJmYjczMC1lY2FhLTExZTYtOGY4OC0zNDM2M2JjN2M0YzAiOnsiY3JlYXRlIjo2MDAwMDAwMDAwMDAsImRlbGV0ZSI6NjAwMDAwMDAwMDAwfX0="
        }
      ]
    },
    {
      "mode": "managed",
      "type": "openstack_blockstorage_volume_v3",
      "name": "control_volume",
      "provider": "provider[\"registry.terraform.io/terraform-provider-openstack/openstack\"]",
      "instances": [
        {
          "schema_version": 0,
          "attributes": {
            "attachment": [],
            "availability_zone": "kz-ala-1",
            "consistency_group_id": null,
            "description": "",
            "enable_online_resize": null,
            "id": "a27f9138-92d9-4944-b2ef-76cfcec4f43b",
            "image_id": "c8a3b89e-fd30-4d41-8c8e-57f8f5708af4",
            "metadata": {},
            "multiattach": null,
            "name": "control-volume",
            "region": "kz-ala-1",
            "scheduler_hints": [],
            "size": 10,
            "snapshot_id": "",
            "source_replica": null,
            "source_vol_id": "",
            "timeouts": null,
            "volume_type": "ceph-ssd"
          },
          "sensitive_attributes": [],
          "private": "eyJlMmJmYjczMC1lY2FhLTExZTYtOGY4OC0zNDM2M2JjN2M0YzAiOnsiY3JlYXRlIjo2MDAwMDAwMDAwMDAsImRlbGV0ZSI6NjAwMDAwMDAwMDAwfX0="
        }
      ]
    },
    {
      "mode": "managed",
      "type": "openstack_blockstorage_volume_v3",
      "name": "haproxy_volume",
      "provider": "provider[\"registry.terraform.io/terraform-provider-openstack/openstack\"]",
      "instances": [
        {
          "schema_version": 0,
          "attributes": {
            "attachment": [],
            "availability_zone": "kz-ala-1",
            "consistency_group_id": null,
            "description": "",
            "enable_online_resize": null,
            "id": "72a6c5e6-7842-4e40-b2cb-9b46b727bf91",
            "image_id": "c8a3b89e-fd30-4d41-8c8e-57f8f5708af4",
            "metadata": {},
            "multiattach": null,
            "name": "haproxy-volume",
            "region": "kz-ala-1",
            "scheduler_hints": [],
            "size": 10,
            "snapshot_id": "",
            "source_replica": null,
            "source_vol_id": "",
            "timeouts": null,
            "volume_type": "ceph-ssd"
          },
          "sensitive_attributes": [],
          "private": "eyJlMmJmYjczMC1lY2FhLTExZTYtOGY4OC0zNDM2M2JjN2M0YzAiOnsiY3JlYXRlIjo2MDAwMDAwMDAwMDAsImRlbGV0ZSI6NjAwMDAwMDAwMDAwfX0="
        }
      ]
    },
    {
      "mode": "managed",
      "type": "openstack_compute_floatingip_associate_v2",
      "name": "haproxy_fip_assoc",
      "provider": "provider[\"registry.terraform.io/terraform-provider-openstack/openstack\"]",
      "instances": [
        {
          "schema_version": 0,
          "attributes": {
            "fixed_ip": "",
            "floating_ip": "185.102.75.93",
            "id": "185.102.75.93/e9bd8fbb-c72d-4727-9483-309ddd2b03d2/",
            "instance_id": "e9bd8fbb-c72d-4727-9483-309ddd2b03d2",
            "region": "kz-ala-1",
            "timeouts": null,
            "wait_until_associated": null
          },
          "sensitive_attributes": [],
          "private": "eyJlMmJmYjczMC1lY2FhLTExZTYtOGY4OC0zNDM2M2JjN2M0YzAiOnsiY3JlYXRlIjo2MDAwMDAwMDAwMDB9fQ==",
          "dependencies": [
            "openstack_blockstorage_volume_v3.haproxy_volume",
            "openstack_compute_instance_v2.haproxy_instance",
            "openstack_compute_secgroup_v2.sg_name",
            "openstack_networking_floatingip_v2.instance_fip",
            "openstack_networking_network_v2.private_network",
            "openstack_networking_port_v2.haproxy_port",
            "openstack_networking_subnet_v2.private_subnet"
          ]
        }
      ]
    },
    {
      "mode": "managed",
      "type": "openstack_compute_instance_v2",
      "name": "apache_instance",
      "provider": "provider[\"registry.terraform.io/terraform-provider-openstack/openstack\"]",
      "instances": [
        {
          "index_key": 0,
          "schema_version": 0,
          "attributes": {
            "access_ip_v4": "192.168.100.30",
            "access_ip_v6": "",
            "admin_pass": null,
            "all_metadata": {},
            "all_tags": [],
            "availability_zone": "kz-ala-1",
            "availability_zone_hints": null,
            "block_device": [
              {
                "boot_index": 0,
                "delete_on_termination": false,
                "destination_type": "volume",
                "device_type": "",
                "disk_bus": "",
                "guest_format": "",
                "source_type": "volume",
                "uuid": "9cc4c88a-8d3e-4ebc-bfdf-8faa182711a9",
                "volume_size": 0,
                "volume_type": ""
              }
            ],
            "config_drive": null,
            "flavor_id": "1517fe16-592c-4938-9bb6-d5ec5593041a",
            "flavor_name": "d1.ram2cpu1",
            "floating_ip": null,
            "force_delete": false,
            "id": "86d944c6-49b7-4cee-b2a5-9610ea8fae2f",
            "image_id": "Attempt to boot from volume - no image supplied",
            "image_name": null,
            "key_pair": "",
            "metadata": null,
            "name": "apache-instance-0",
            "network": [
              {
                "access_network": false,
                "fixed_ip_v4": "192.168.100.30",
                "fixed_ip_v6": "",
                "floating_ip": "",
                "mac": "fa:16:3e:8e:cb:73",
                "name": "private-net",
                "port": "96298dd9-68d7-4bff-842c-3b03d7e938b5",
                "uuid": "7a1c74aa-5c78-4e4a-9fa9-e09a3171dd9f"
              }
            ],
            "network_mode": null,
            "personality": [],
            "power_state": "active",
            "region": "kz-ala-1",
            "scheduler_hints": [],
            "security_groups": [
              "sg_name"
            ],
            "stop_before_destroy": false,
            "tags": null,
            "timeouts": null,
            "user_data": "ea4ab71deaffbcd47e4fca37770e22e5e6b50989",
            "vendor_options": [],
            "volume": []
          },
          "sensitive_attributes": [
            [
              {
                "type": "get_attr",
                "value": "admin_pass"
              }
            ]
          ],
          "private": "eyJlMmJmYjczMC1lY2FhLTExZTYtOGY4OC0zNDM2M2JjN2M0YzAiOnsiY3JlYXRlIjoxODAwMDAwMDAwMDAwLCJkZWxldGUiOjE4MDAwMDAwMDAwMDAsInVwZGF0ZSI6MTgwMDAwMDAwMDAwMH19",
          "dependencies": [
            "openstack_blockstorage_volume_v3.apache_volume",
            "openstack_compute_secgroup_v2.sg_name",
            "openstack_networking_network_v2.private_network",
            "openstack_networking_port_v2.apache_ports",
            "openstack_networking_subnet_v2.private_subnet"
          ]
        },
        {
          "index_key": 1,
          "schema_version": 0,
          "attributes": {
            "access_ip_v4": "192.168.100.31",
            "access_ip_v6": "",
            "admin_pass": null,
            "all_metadata": {},
            "all_tags": [],
            "availability_zone": "kz-ala-1",
            "availability_zone_hints": null,
            "block_device": [
              {
                "boot_index": 0,
                "delete_on_termination": false,
                "destination_type": "volume",
                "device_type": "",
                "disk_bus": "",
                "guest_format": "",
                "source_type": "volume",
                "uuid": "c620affb-c326-4a71-97e4-5201f51879c4",
                "volume_size": 0,
                "volume_type": ""
              }
            ],
            "config_drive": null,
            "flavor_id": "1517fe16-592c-4938-9bb6-d5ec5593041a",
            "flavor_name": "d1.ram2cpu1",
            "floating_ip": null,
            "force_delete": false,
            "id": "c6baa7d7-53ab-405b-918b-1740b96c93d1",
            "image_id": "Attempt to boot from volume - no image supplied",
            "image_name": null,
            "key_pair": "",
            "metadata": null,
            "name": "apache-instance-1",
            "network": [
              {
                "access_network": false,
                "fixed_ip_v4": "192.168.100.31",
                "fixed_ip_v6": "",
                "floating_ip": "",
                "mac": "fa:16:3e:cc:11:21",
                "name": "private-net",
                "port": "3c879b58-1916-4466-8e1b-190fb21bdc0b",
                "uuid": "7a1c74aa-5c78-4e4a-9fa9-e09a3171dd9f"
              }
            ],
            "network_mode": null,
            "personality": [],
            "power_state": "active",
            "region": "kz-ala-1",
            "scheduler_hints": [],
            "security_groups": [
              "sg_name"
            ],
            "stop_before_destroy": false,
            "tags": null,
            "timeouts": null,
            "user_data": "ea4ab71deaffbcd47e4fca37770e22e5e6b50989",
            "vendor_options": [],
            "volume": []
          },
          "sensitive_attributes": [
            [
              {
                "type": "get_attr",
                "value": "admin_pass"
              }
            ]
          ],
          "private": "eyJlMmJmYjczMC1lY2FhLTExZTYtOGY4OC0zNDM2M2JjN2M0YzAiOnsiY3JlYXRlIjoxODAwMDAwMDAwMDAwLCJkZWxldGUiOjE4MDAwMDAwMDAwMDAsInVwZGF0ZSI6MTgwMDAwMDAwMDAwMH19",
          "dependencies": [
            "openstack_blockstorage_volume_v3.apache_volume",
            "openstack_compute_secgroup_v2.sg_name",
            "openstack_networking_network_v2.private_network",
            "openstack_networking_port_v2.apache_ports",
            "openstack_networking_subnet_v2.private_subnet"
          ]
        },
        {
          "index_key": 2,
          "schema_version": 0,
          "attributes": {
            "access_ip_v4": "192.168.100.32",
            "access_ip_v6": "",
            "admin_pass": null,
            "all_metadata": {},
            "all_tags": [],
            "availability_zone": "kz-ala-1",
            "availability_zone_hints": null,
            "block_device": [
              {
                "boot_index": 0,
                "delete_on_termination": false,
                "destination_type": "volume",
                "device_type": "",
                "disk_bus": "",
                "guest_format": "",
                "source_type": "volume",
                "uuid": "52cc7ebf-dce5-4817-82fc-059c633844f9",
                "volume_size": 0,
                "volume_type": ""
              }
            ],
            "config_drive": null,
            "flavor_id": "1517fe16-592c-4938-9bb6-d5ec5593041a",
            "flavor_name": "d1.ram2cpu1",
            "floating_ip": null,
            "force_delete": false,
            "id": "38ef1ca7-b262-4b4d-ba76-5c0dfcf12232",
            "image_id": "Attempt to boot from volume - no image supplied",
            "image_name": null,
            "key_pair": "",
            "metadata": null,
            "name": "apache-instance-2",
            "network": [
              {
                "access_network": false,
                "fixed_ip_v4": "192.168.100.32",
                "fixed_ip_v6": "",
                "floating_ip": "",
                "mac": "fa:16:3e:42:8d:ea",
                "name": "private-net",
                "port": "be745882-51a3-440d-9fdf-8759c7b8e825",
                "uuid": "7a1c74aa-5c78-4e4a-9fa9-e09a3171dd9f"
              }
            ],
            "network_mode": null,
            "personality": [],
            "power_state": "active",
            "region": "kz-ala-1",
            "scheduler_hints": [],
            "security_groups": [
              "sg_name"
            ],
            "stop_before_destroy": false,
            "tags": null,
            "timeouts": null,
            "user_data": "ea4ab71deaffbcd47e4fca37770e22e5e6b50989",
            "vendor_options": [],
            "volume": []
          },
          "sensitive_attributes": [
            [
              {
                "type": "get_attr",
                "value": "admin_pass"
              }
            ]
          ],
          "private": "eyJlMmJmYjczMC1lY2FhLTExZTYtOGY4OC0zNDM2M2JjN2M0YzAiOnsiY3JlYXRlIjoxODAwMDAwMDAwMDAwLCJkZWxldGUiOjE4MDAwMDAwMDAwMDAsInVwZGF0ZSI6MTgwMDAwMDAwMDAwMH19",
          "dependencies": [
            "openstack_blockstorage_volume_v3.apache_volume",
            "openstack_compute_secgroup_v2.sg_name",
            "openstack_networking_network_v2.private_network",
            "openstack_networking_port_v2.apache_ports",
            "openstack_networking_subnet_v2.private_subnet"
          ]
        }
      ]
    },
    {
      "mode": "managed",
      "type": "openstack_compute_instance_v2",
      "name": "control_instance",
      "provider": "provider[\"registry.terraform.io/terraform-provider-openstack/openstack\"]",
      "instances": [
        {
          "schema_version": 0,
          "attributes": {
            "access_ip_v4": "192.168.100.10",
            "access_ip_v6": "",
            "admin_pass": null,
            "all_metadata": {},
            "all_tags": [],
            "availability_zone": "kz-ala-1",
            "availability_zone_hints": null,
            "block_device": [
              {
                "boot_index": 0,
                "delete_on_termination": false,
                "destination_type": "volume",
                "device_type": "",
                "disk_bus": "",
                "guest_format": "",
                "source_type": "volume",
                "uuid": "a27f9138-92d9-4944-b2ef-76cfcec4f43b",
                "volume_size": 0,
                "volume_type": ""
              }
            ],
            "config_drive": null,
            "flavor_id": "1517fe16-592c-4938-9bb6-d5ec5593041a",
            "flavor_name": "d1.ram2cpu1",
            "floating_ip": null,
            "force_delete": false,
            "id": "5b0224fc-a031-4ce6-b990-128283a9f3c8",
            "image_id": "Attempt to boot from volume - no image supplied",
            "image_name": null,
            "key_pair": "",
            "metadata": null,
            "name": "control-instance",
            "network": [
              {
                "access_network": false,
                "fixed_ip_v4": "192.168.100.10",
                "fixed_ip_v6": "",
                "floating_ip": "",
                "mac": "fa:16:3e:7e:3d:43",
                "name": "private-net",
                "port": "9f43df38-fd04-4949-86b0-0ae177dd8bec",
                "uuid": "7a1c74aa-5c78-4e4a-9fa9-e09a3171dd9f"
              }
            ],
            "network_mode": null,
            "personality": [],
            "power_state": "active",
            "region": "kz-ala-1",
            "scheduler_hints": [],
            "security_groups": [
              "sg_name"
            ],
            "stop_before_destroy": false,
            "tags": null,
            "timeouts": null,
            "user_data": "b06755e32e82b8610aac57359760254e71574962",
            "vendor_options": [],
            "volume": []
          },
          "sensitive_attributes": [
            [
              {
                "type": "get_attr",
                "value": "admin_pass"
              }
            ]
          ],
          "private": "eyJlMmJmYjczMC1lY2FhLTExZTYtOGY4OC0zNDM2M2JjN2M0YzAiOnsiY3JlYXRlIjoxODAwMDAwMDAwMDAwLCJkZWxldGUiOjE4MDAwMDAwMDAwMDAsInVwZGF0ZSI6MTgwMDAwMDAwMDAwMH19",
          "dependencies": [
            "openstack_blockstorage_volume_v3.control_volume",
            "openstack_compute_secgroup_v2.sg_name",
            "openstack_networking_network_v2.private_network",
            "openstack_networking_port_v2.control_port",
            "openstack_networking_subnet_v2.private_subnet"
          ]
        }
      ]
    },
    {
      "mode": "managed",
      "type": "openstack_compute_instance_v2",
      "name": "haproxy_instance",
      "provider": "provider[\"registry.terraform.io/terraform-provider-openstack/openstack\"]",
      "instances": [
        {
          "schema_version": 0,
          "attributes": {
            "access_ip_v4": "192.168.100.20",
            "access_ip_v6": "",
            "admin_pass": null,
            "all_metadata": {},
            "all_tags": [],
            "availability_zone": "kz-ala-1",
            "availability_zone_hints": null,
            "block_device": [
              {
                "boot_index": 0,
                "delete_on_termination": false,
                "destination_type": "volume",
                "device_type": "",
                "disk_bus": "",
                "guest_format": "",
                "source_type": "volume",
                "uuid": "72a6c5e6-7842-4e40-b2cb-9b46b727bf91",
                "volume_size": 0,
                "volume_type": ""
              }
            ],
            "config_drive": null,
            "flavor_id": "1517fe16-592c-4938-9bb6-d5ec5593041a",
            "flavor_name": "d1.ram2cpu1",
            "floating_ip": null,
            "force_delete": false,
            "id": "e9bd8fbb-c72d-4727-9483-309ddd2b03d2",
            "image_id": "Attempt to boot from volume - no image supplied",
            "image_name": null,
            "key_pair": "",
            "metadata": null,
            "name": "haproxy-instance",
            "network": [
              {
                "access_network": false,
                "fixed_ip_v4": "192.168.100.20",
                "fixed_ip_v6": "",
                "floating_ip": "",
                "mac": "fa:16:3e:ff:b0:41",
                "name": "private-net",
                "port": "2a4d3670-bd45-41b9-8d48-b10119ab25df",
                "uuid": "7a1c74aa-5c78-4e4a-9fa9-e09a3171dd9f"
              }
            ],
            "network_mode": null,
            "personality": [],
            "power_state": "active",
            "region": "kz-ala-1",
            "scheduler_hints": [],
            "security_groups": [
              "sg_name"
            ],
            "stop_before_destroy": false,
            "tags": null,
            "timeouts": null,
            "user_data": "ea4ab71deaffbcd47e4fca37770e22e5e6b50989",
            "vendor_options": [],
            "volume": []
          },
          "sensitive_attributes": [
            [
              {
                "type": "get_attr",
                "value": "admin_pass"
              }
            ]
          ],
          "private": "eyJlMmJmYjczMC1lY2FhLTExZTYtOGY4OC0zNDM2M2JjN2M0YzAiOnsiY3JlYXRlIjoxODAwMDAwMDAwMDAwLCJkZWxldGUiOjE4MDAwMDAwMDAwMDAsInVwZGF0ZSI6MTgwMDAwMDAwMDAwMH19",
          "dependencies": [
            "openstack_blockstorage_volume_v3.haproxy_volume",
            "openstack_compute_secgroup_v2.sg_name",
            "openstack_networking_network_v2.private_network",
            "openstack_networking_port_v2.haproxy_port",
            "openstack_networking_subnet_v2.private_subnet"
          ]
        }
      ]
    },
    {
      "mode": "managed",
      "type": "openstack_compute_secgroup_v2",
      "name": "sg_name",
      "provider": "provider[\"registry.terraform.io/terraform-provider-openstack/openstack\"]",
      "instances": [
        {
          "schema_version": 0,
          "attributes": {
            "description": "security group for HAproxy",
            "id": "f5a1be50-e476-4c97-819e-3ac2ea0c8d7f",
            "name": "sg_name",
            "region": "kz-ala-1",
            "rule": [
              {
                "cidr": "0.0.0.0/0",
                "from_group_id": "",
                "from_port": -1,
                "id": "7e501973-859e-40b8-8947-8b5d85920424",
                "ip_protocol": "icmp",
                "self": false,
                "to_port": -1
              },
              {
                "cidr": "0.0.0.0/0",
                "from_group_id": "",
                "from_port": 22,
                "id": "10b5b39d-1567-40a1-9694-dedeadb0eab0",
                "ip_protocol": "tcp",
                "self": false,
                "to_port": 22
              },
              {
                "cidr": "0.0.0.0/0",
                "from_group_id": "",
                "from_port": 443,
                "id": "cab73433-ae2e-4d10-9a47-5c7aab2f091a",
                "ip_protocol": "tcp",
                "self": false,
                "to_port": 443
              },
              {
                "cidr": "0.0.0.0/0",
                "from_group_id": "",
                "from_port": 80,
                "id": "51fc37f7-64ea-4189-a697-8599b9794369",
                "ip_protocol": "tcp",
                "self": false,
                "to_port": 80
              }
            ],
            "timeouts": null
          },
          "sensitive_attributes": [],
          "private": "eyJlMmJmYjczMC1lY2FhLTExZTYtOGY4OC0zNDM2M2JjN2M0YzAiOnsiZGVsZXRlIjo2MDAwMDAwMDAwMDB9fQ=="
        }
      ]
    },
    {
      "mode": "managed",
      "type": "openstack_networking_floatingip_v2",
      "name": "instance_fip",
      "provider": "provider[\"registry.terraform.io/terraform-provider-openstack/openstack\"]",
      "instances": [
        {
          "schema_version": 0,
          "attributes": {
            "address": "185.102.75.93",
            "all_tags": [],
            "description": "",
            "dns_domain": "",
            "dns_name": "",
            "fixed_ip": "",
            "id": "a72b36f5-eab9-4e49-a2c9-d7c4dd75fe36",
            "pool": "FloatingIP Net",
            "port_id": "",
            "region": "kz-ala-1",
            "subnet_id": null,
            "subnet_ids": null,
            "tags": null,
            "tenant_id": "a0801ad2953a415a99df7b4f2f93e62d",
            "timeouts": null,
            "value_specs": null
          },
          "sensitive_attributes": [],
          "private": "eyJlMmJmYjczMC1lY2FhLTExZTYtOGY4OC0zNDM2M2JjN2M0YzAiOnsiY3JlYXRlIjo2MDAwMDAwMDAwMDAsImRlbGV0ZSI6NjAwMDAwMDAwMDAwfX0="
        }
      ]
    },
    {
      "mode": "managed",
      "type": "openstack_networking_network_v2",
      "name": "private_network",
      "provider": "provider[\"registry.terraform.io/terraform-provider-openstack/openstack\"]",
      "instances": [
        {
          "schema_version": 0,
          "attributes": {
            "admin_state_up": true,
            "all_tags": [],
            "availability_zone_hints": [],
            "description": "",
            "dns_domain": "",
            "external": false,
            "id": "7a1c74aa-5c78-4e4a-9fa9-e09a3171dd9f",
            "mtu": 1500,
            "name": "private-net",
            "port_security_enabled": true,
            "qos_policy_id": "",
            "region": "kz-ala-1",
            "segments": [],
            "shared": false,
            "tags": null,
            "tenant_id": "a0801ad2953a415a99df7b4f2f93e62d",
            "timeouts": null,
            "transparent_vlan": false,
            "value_specs": null
          },
          "sensitive_attributes": [],
          "private": "eyJlMmJmYjczMC1lY2FhLTExZTYtOGY4OC0zNDM2M2JjN2M0YzAiOnsiY3JlYXRlIjo2MDAwMDAwMDAwMDAsImRlbGV0ZSI6NjAwMDAwMDAwMDAwfX0="
        }
      ]
    },
    {
      "mode": "managed",
      "type": "openstack_networking_port_v2",
      "name": "apache_ports",
      "provider": "provider[\"registry.terraform.io/terraform-provider-openstack/openstack\"]",
      "instances": [
        {
          "index_key": 0,
          "schema_version": 0,
          "attributes": {
            "admin_state_up": true,
            "all_fixed_ips": [
              "192.168.100.30"
            ],
            "all_security_group_ids": [
              "f5bf6c18-6102-42df-bea0-414987aed1e3"
            ],
            "all_tags": [],
            "allowed_address_pairs": [],
            "binding": [
              {
                "host_id": "",
                "profile": "",
                "vif_details": {},
                "vif_type": "",
                "vnic_type": "normal"
              }
            ],
            "description": "",
            "device_id": "",
            "device_owner": "",
            "dns_assignment": [
              {
                "fqdn": "host-192-168-100-30.pscloud.internal.",
                "hostname": "host-192-168-100-30",
                "ip_address": "192.168.100.30"
              }
            ],
            "dns_name": "",
            "extra_dhcp_option": [],
            "fixed_ip": [
              {
                "ip_address": "192.168.100.30",
                "subnet_id": "4b368530-b30e-4bd2-9ca1-a08dbd19b9b2"
              }
            ],
            "id": "96298dd9-68d7-4bff-842c-3b03d7e938b5",
            "mac_address": "fa:16:3e:8e:cb:73",
            "name": "apache-port-0",
            "network_id": "7a1c74aa-5c78-4e4a-9fa9-e09a3171dd9f",
            "no_fixed_ip": null,
            "no_security_groups": null,
            "port_security_enabled": true,
            "qos_policy_id": "",
            "region": "kz-ala-1",
            "security_group_ids": null,
            "tags": null,
            "tenant_id": "a0801ad2953a415a99df7b4f2f93e62d",
            "timeouts": null,
            "value_specs": null
          },
          "sensitive_attributes": [],
          "private": "eyJlMmJmYjczMC1lY2FhLTExZTYtOGY4OC0zNDM2M2JjN2M0YzAiOnsiY3JlYXRlIjo2MDAwMDAwMDAwMDAsImRlbGV0ZSI6NjAwMDAwMDAwMDAwfX0=",
          "dependencies": [
            "openstack_networking_network_v2.private_network",
            "openstack_networking_subnet_v2.private_subnet"
          ]
        },
        {
          "index_key": 1,
          "schema_version": 0,
          "attributes": {
            "admin_state_up": true,
            "all_fixed_ips": [
              "192.168.100.31"
            ],
            "all_security_group_ids": [
              "f5bf6c18-6102-42df-bea0-414987aed1e3"
            ],
            "all_tags": [],
            "allowed_address_pairs": [],
            "binding": [
              {
                "host_id": "",
                "profile": "",
                "vif_details": {},
                "vif_type": "",
                "vnic_type": "normal"
              }
            ],
            "description": "",
            "device_id": "",
            "device_owner": "",
            "dns_assignment": [
              {
                "fqdn": "host-192-168-100-31.pscloud.internal.",
                "hostname": "host-192-168-100-31",
                "ip_address": "192.168.100.31"
              }
            ],
            "dns_name": "",
            "extra_dhcp_option": [],
            "fixed_ip": [
              {
                "ip_address": "192.168.100.31",
                "subnet_id": "4b368530-b30e-4bd2-9ca1-a08dbd19b9b2"
              }
            ],
            "id": "3c879b58-1916-4466-8e1b-190fb21bdc0b",
            "mac_address": "fa:16:3e:cc:11:21",
            "name": "apache-port-1",
            "network_id": "7a1c74aa-5c78-4e4a-9fa9-e09a3171dd9f",
            "no_fixed_ip": null,
            "no_security_groups": null,
            "port_security_enabled": true,
            "qos_policy_id": "",
            "region": "kz-ala-1",
            "security_group_ids": null,
            "tags": null,
            "tenant_id": "a0801ad2953a415a99df7b4f2f93e62d",
            "timeouts": null,
            "value_specs": null
          },
          "sensitive_attributes": [],
          "private": "eyJlMmJmYjczMC1lY2FhLTExZTYtOGY4OC0zNDM2M2JjN2M0YzAiOnsiY3JlYXRlIjo2MDAwMDAwMDAwMDAsImRlbGV0ZSI6NjAwMDAwMDAwMDAwfX0=",
          "dependencies": [
            "openstack_networking_network_v2.private_network",
            "openstack_networking_subnet_v2.private_subnet"
          ]
        },
        {
          "index_key": 2,
          "schema_version": 0,
          "attributes": {
            "admin_state_up": true,
            "all_fixed_ips": [
              "192.168.100.32"
            ],
            "all_security_group_ids": [
              "f5bf6c18-6102-42df-bea0-414987aed1e3"
            ],
            "all_tags": [],
            "allowed_address_pairs": [],
            "binding": [
              {
                "host_id": "",
                "profile": "",
                "vif_details": {},
                "vif_type": "",
                "vnic_type": "normal"
              }
            ],
            "description": "",
            "device_id": "",
            "device_owner": "",
            "dns_assignment": [
              {
                "fqdn": "host-192-168-100-32.pscloud.internal.",
                "hostname": "host-192-168-100-32",
                "ip_address": "192.168.100.32"
              }
            ],
            "dns_name": "",
            "extra_dhcp_option": [],
            "fixed_ip": [
              {
                "ip_address": "192.168.100.32",
                "subnet_id": "4b368530-b30e-4bd2-9ca1-a08dbd19b9b2"
              }
            ],
            "id": "be745882-51a3-440d-9fdf-8759c7b8e825",
            "mac_address": "fa:16:3e:42:8d:ea",
            "name": "apache-port-2",
            "network_id": "7a1c74aa-5c78-4e4a-9fa9-e09a3171dd9f",
            "no_fixed_ip": null,
            "no_security_groups": null,
            "port_security_enabled": true,
            "qos_policy_id": "",
            "region": "kz-ala-1",
            "security_group_ids": null,
            "tags": null,
            "tenant_id": "a0801ad2953a415a99df7b4f2f93e62d",
            "timeouts": null,
            "value_specs": null
          },
          "sensitive_attributes": [],
          "private": "eyJlMmJmYjczMC1lY2FhLTExZTYtOGY4OC0zNDM2M2JjN2M0YzAiOnsiY3JlYXRlIjo2MDAwMDAwMDAwMDAsImRlbGV0ZSI6NjAwMDAwMDAwMDAwfX0=",
          "dependencies": [
            "openstack_networking_network_v2.private_network",
            "openstack_networking_subnet_v2.private_subnet"
          ]
        }
      ]
    },
    {
      "mode": "managed",
      "type": "openstack_networking_port_v2",
      "name": "control_port",
      "provider": "provider[\"registry.terraform.io/terraform-provider-openstack/openstack\"]",
      "instances": [
        {
          "schema_version": 0,
          "attributes": {
            "admin_state_up": true,
            "all_fixed_ips": [
              "192.168.100.10"
            ],
            "all_security_group_ids": [
              "f5bf6c18-6102-42df-bea0-414987aed1e3"
            ],
            "all_tags": [],
            "allowed_address_pairs": [],
            "binding": [
              {
                "host_id": "",
                "profile": "",
                "vif_details": {},
                "vif_type": "",
                "vnic_type": "normal"
              }
            ],
            "description": "",
            "device_id": "",
            "device_owner": "",
            "dns_assignment": [
              {
                "fqdn": "host-192-168-100-10.pscloud.internal.",
                "hostname": "host-192-168-100-10",
                "ip_address": "192.168.100.10"
              }
            ],
            "dns_name": "",
            "extra_dhcp_option": [],
            "fixed_ip": [
              {
                "ip_address": "192.168.100.10",
                "subnet_id": "4b368530-b30e-4bd2-9ca1-a08dbd19b9b2"
              }
            ],
            "id": "9f43df38-fd04-4949-86b0-0ae177dd8bec",
            "mac_address": "fa:16:3e:7e:3d:43",
            "name": "control-port",
            "network_id": "7a1c74aa-5c78-4e4a-9fa9-e09a3171dd9f",
            "no_fixed_ip": null,
            "no_security_groups": null,
            "port_security_enabled": true,
            "qos_policy_id": "",
            "region": "kz-ala-1",
            "security_group_ids": null,
            "tags": null,
            "tenant_id": "a0801ad2953a415a99df7b4f2f93e62d",
            "timeouts": null,
            "value_specs": null
          },
          "sensitive_attributes": [],
          "private": "eyJlMmJmYjczMC1lY2FhLTExZTYtOGY4OC0zNDM2M2JjN2M0YzAiOnsiY3JlYXRlIjo2MDAwMDAwMDAwMDAsImRlbGV0ZSI6NjAwMDAwMDAwMDAwfX0=",
          "dependencies": [
            "openstack_networking_network_v2.private_network",
            "openstack_networking_subnet_v2.private_subnet"
          ]
        }
      ]
    },
    {
      "mode": "managed",
      "type": "openstack_networking_port_v2",
      "name": "haproxy_port",
      "provider": "provider[\"registry.terraform.io/terraform-provider-openstack/openstack\"]",
      "instances": [
        {
          "schema_version": 0,
          "attributes": {
            "admin_state_up": true,
            "all_fixed_ips": [
              "192.168.100.20"
            ],
            "all_security_group_ids": [
              "f5bf6c18-6102-42df-bea0-414987aed1e3"
            ],
            "all_tags": [],
            "allowed_address_pairs": [],
            "binding": [
              {
                "host_id": "",
                "profile": "",
                "vif_details": {},
                "vif_type": "",
                "vnic_type": "normal"
              }
            ],
            "description": "",
            "device_id": "",
            "device_owner": "",
            "dns_assignment": [
              {
                "fqdn": "host-192-168-100-20.pscloud.internal.",
                "hostname": "host-192-168-100-20",
                "ip_address": "192.168.100.20"
              }
            ],
            "dns_name": "",
            "extra_dhcp_option": [],
            "fixed_ip": [
              {
                "ip_address": "192.168.100.20",
                "subnet_id": "4b368530-b30e-4bd2-9ca1-a08dbd19b9b2"
              }
            ],
            "id": "2a4d3670-bd45-41b9-8d48-b10119ab25df",
            "mac_address": "fa:16:3e:ff:b0:41",
            "name": "haproxy-port",
            "network_id": "7a1c74aa-5c78-4e4a-9fa9-e09a3171dd9f",
            "no_fixed_ip": null,
            "no_security_groups": null,
            "port_security_enabled": true,
            "qos_policy_id": "",
            "region": "kz-ala-1",
            "security_group_ids": null,
            "tags": null,
            "tenant_id": "a0801ad2953a415a99df7b4f2f93e62d",
            "timeouts": null,
            "value_specs": null
          },
          "sensitive_attributes": [],
          "private": "eyJlMmJmYjczMC1lY2FhLTExZTYtOGY4OC0zNDM2M2JjN2M0YzAiOnsiY3JlYXRlIjo2MDAwMDAwMDAwMDAsImRlbGV0ZSI6NjAwMDAwMDAwMDAwfX0=",
          "dependencies": [
            "openstack_networking_network_v2.private_network",
            "openstack_networking_subnet_v2.private_subnet"
          ]
        }
      ]
    },
    {
      "mode": "managed",
      "type": "openstack_networking_router_interface_v2",
      "name": "router_interface",
      "provider": "provider[\"registry.terraform.io/terraform-provider-openstack/openstack\"]",
      "instances": [
        {
          "schema_version": 0,
          "attributes": {
            "id": "d91f92e7-24df-4d55-8626-71cd8b69a789",
            "port_id": "d91f92e7-24df-4d55-8626-71cd8b69a789",
            "region": "kz-ala-1",
            "router_id": "d3c451c3-65b8-4e70-bc86-c1171676375f",
            "subnet_id": "4b368530-b30e-4bd2-9ca1-a08dbd19b9b2",
            "timeouts": null
          },
          "sensitive_attributes": [],
          "private": "eyJlMmJmYjczMC1lY2FhLTExZTYtOGY4OC0zNDM2M2JjN2M0YzAiOnsiY3JlYXRlIjo2MDAwMDAwMDAwMDAsImRlbGV0ZSI6NjAwMDAwMDAwMDAwfX0=",
          "dependencies": [
            "openstack_networking_network_v2.private_network",
            "openstack_networking_router_v2.router",
            "openstack_networking_subnet_v2.private_subnet"
          ]
        }
      ]
    },
    {
      "mode": "managed",
      "type": "openstack_networking_router_v2",
      "name": "router",
      "provider": "provider[\"registry.terraform.io/terraform-provider-openstack/openstack\"]",
      "instances": [
        {
          "schema_version": 0,
          "attributes": {
            "admin_state_up": true,
            "all_tags": [],
            "availability_zone_hints": [],
            "description": "",
            "distributed": false,
            "enable_snat": true,
            "external_fixed_ip": [
              {
                "ip_address": "94.247.135.136",
                "subnet_id": "355a91d6-f8cd-4e3f-a058-1c64bdd99ce5"
              }
            ],
            "external_gateway": "83554642-6df5-4c7a-bf55-21bc74496109",
            "external_network_id": "83554642-6df5-4c7a-bf55-21bc74496109",
            "external_subnet_ids": null,
            "id": "d3c451c3-65b8-4e70-bc86-c1171676375f",
            "name": "router_name",
            "region": "kz-ala-1",
            "tags": null,
            "tenant_id": "a0801ad2953a415a99df7b4f2f93e62d",
            "timeouts": null,
            "value_specs": null,
            "vendor_options": []
          },
          "sensitive_attributes": [],
          "private": "eyJlMmJmYjczMC1lY2FhLTExZTYtOGY4OC0zNDM2M2JjN2M0YzAiOnsiY3JlYXRlIjo2MDAwMDAwMDAwMDAsImRlbGV0ZSI6NjAwMDAwMDAwMDAwfX0=",
          "dependencies": [
            "openstack_networking_network_v2.private_network"
          ]
        }
      ]
    },
    {
      "mode": "managed",
      "type": "openstack_networking_subnet_v2",
      "name": "private_subnet",
      "provider": "provider[\"registry.terraform.io/terraform-provider-openstack/openstack\"]",
      "instances": [
        {
          "schema_version": 0,
          "attributes": {
            "all_tags": [],
            "allocation_pool": [
              {
                "end": "192.168.100.254",
                "start": "192.168.100.2"
              }
            ],
            "allocation_pools": [
              {
                "end": "192.168.100.254",
                "start": "192.168.100.2"
              }
            ],
            "cidr": "192.168.100.0/24",
            "description": "",
            "dns_nameservers": [
              "195.210.46.195",
              "195.210.46.132"
            ],
            "enable_dhcp": true,
            "gateway_ip": "192.168.100.1",
            "host_routes": [],
            "id": "4b368530-b30e-4bd2-9ca1-a08dbd19b9b2",
            "ip_version": 4,
            "ipv6_address_mode": "",
            "ipv6_ra_mode": "",
            "name": "subnet_name",
            "network_id": "7a1c74aa-5c78-4e4a-9fa9-e09a3171dd9f",
            "no_gateway": false,
            "prefix_length": null,
            "region": "kz-ala-1",
            "subnetpool_id": "",
            "tags": null,
            "tenant_id": "a0801ad2953a415a99df7b4f2f93e62d",
            "timeouts": null,
            "value_specs": null
          },
          "sensitive_attributes": [],
          "private": "eyJlMmJmYjczMC1lY2FhLTExZTYtOGY4OC0zNDM2M2JjN2M0YzAiOnsiY3JlYXRlIjo2MDAwMDAwMDAwMDAsImRlbGV0ZSI6NjAwMDAwMDAwMDAwfX0=",
          "dependencies": [
            "openstack_networking_network_v2.private_network"
          ]
        }
      ]
    }
  ],
  "check_results": null
}
